// !$*UTF8*$!
{
	archiveVersion = 1;
	classes = {
	};
	objectVersion = 46;
	objects = {

/* Begin PBXBuildFile section */
		C935723018CEABF00022F5D6 /* Foundation.framework in Frameworks */ = {isa = PBXBuildFile; fileRef = C935722F18CEABF00022F5D6 /* Foundation.framework */; };
		C935723218CEABF00022F5D6 /* CoreGraphics.framework in Frameworks */ = {isa = PBXBuildFile; fileRef = C935723118CEABF00022F5D6 /* CoreGraphics.framework */; };
		C935723418CEABF00022F5D6 /* UIKit.framework in Frameworks */ = {isa = PBXBuildFile; fileRef = C935723318CEABF00022F5D6 /* UIKit.framework */; };
		C935723A18CEABF00022F5D6 /* InfoPlist.strings in Resources */ = {isa = PBXBuildFile; fileRef = C935723818CEABF00022F5D6 /* InfoPlist.strings */; };
		C935723C18CEABF00022F5D6 /* main.m in Sources */ = {isa = PBXBuildFile; fileRef = C935723B18CEABF00022F5D6 /* main.m */; };
		C935724018CEABF00022F5D6 /* MTZAppDelegate.m in Sources */ = {isa = PBXBuildFile; fileRef = C935723F18CEABF00022F5D6 /* MTZAppDelegate.m */; };
		C935724318CEABF00022F5D6 /* Main_iPhone.storyboard in Resources */ = {isa = PBXBuildFile; fileRef = C935724118CEABF00022F5D6 /* Main_iPhone.storyboard */; };
		C935724618CEABF00022F5D6 /* Main_iPad.storyboard in Resources */ = {isa = PBXBuildFile; fileRef = C935724418CEABF00022F5D6 /* Main_iPad.storyboard */; };
		C935724918CEABF00022F5D6 /* MTZViewController.m in Sources */ = {isa = PBXBuildFile; fileRef = C935724818CEABF00022F5D6 /* MTZViewController.m */; };
		C935724B18CEABF00022F5D6 /* Images.xcassets in Resources */ = {isa = PBXBuildFile; fileRef = C935724A18CEABF00022F5D6 /* Images.xcassets */; };
		C935725218CEABF00022F5D6 /* XCTest.framework in Frameworks */ = {isa = PBXBuildFile; fileRef = C935725118CEABF00022F5D6 /* XCTest.framework */; };
		C935725318CEABF00022F5D6 /* Foundation.framework in Frameworks */ = {isa = PBXBuildFile; fileRef = C935722F18CEABF00022F5D6 /* Foundation.framework */; };
		C935725418CEABF00022F5D6 /* UIKit.framework in Frameworks */ = {isa = PBXBuildFile; fileRef = C935723318CEABF00022F5D6 /* UIKit.framework */; };
		C935725C18CEABF00022F5D6 /* InfoPlist.strings in Resources */ = {isa = PBXBuildFile; fileRef = C935725A18CEABF00022F5D6 /* InfoPlist.strings */; };
		C935725E18CEABF00022F5D6 /* SpringAnimationTests.m in Sources */ = {isa = PBXBuildFile; fileRef = C935725D18CEABF00022F5D6 /* SpringAnimationTests.m */; };
		C9C0907E18CECA90000E69CD /* CoreText.framework in Frameworks */ = {isa = PBXBuildFile; fileRef = C9C0907D18CECA90000E69CD /* CoreText.framework */; };
/* End PBXBuildFile section */

/* Begin PBXContainerItemProxy section */
		C935725518CEABF00022F5D6 /* PBXContainerItemProxy */ = {
			isa = PBXContainerItemProxy;
			containerPortal = C935722418CEABF00022F5D6 /* Project object */;
			proxyType = 1;
			remoteGlobalIDString = C935722B18CEABF00022F5D6;
			remoteInfo = SpringDampingTest;
		};
/* End PBXContainerItemProxy section */

/* Begin PBXFileReference section */
		C935722C18CEABF00022F5D6 /* SpringAnimation.app */ = {isa = PBXFileReference; explicitFileType = wrapper.application; includeInIndex = 0; path = SpringAnimation.app; sourceTree = BUILT_PRODUCTS_DIR; };
		C935722F18CEABF00022F5D6 /* Foundation.framework */ = {isa = PBXFileReference; lastKnownFileType = wrapper.framework; name = Foundation.framework; path = System/Library/Frameworks/Foundation.framework; sourceTree = SDKROOT; };
		C935723118CEABF00022F5D6 /* CoreGraphics.framework */ = {isa = PBXFileReference; lastKnownFileType = wrapper.framework; name = CoreGraphics.framework; path = System/Library/Frameworks/CoreGraphics.framework; sourceTree = SDKROOT; };
		C935723318CEABF00022F5D6 /* UIKit.framework */ = {isa = PBXFileReference; lastKnownFileType = wrapper.framework; name = UIKit.framework; path = System/Library/Frameworks/UIKit.framework; sourceTree = SDKROOT; };
		C935723718CEABF00022F5D6 /* SpringAnimation-Info.plist */ = {isa = PBXFileReference; lastKnownFileType = text.plist.xml; path = "SpringAnimation-Info.plist"; sourceTree = "<group>"; };
		C935723918CEABF00022F5D6 /* en */ = {isa = PBXFileReference; lastKnownFileType = text.plist.strings; name = en; path = en.lproj/InfoPlist.strings; sourceTree = "<group>"; };
		C935723B18CEABF00022F5D6 /* main.m */ = {isa = PBXFileReference; lastKnownFileType = sourcecode.c.objc; path = main.m; sourceTree = "<group>"; };
		C935723D18CEABF00022F5D6 /* SpringAnimation-Prefix.pch */ = {isa = PBXFileReference; lastKnownFileType = sourcecode.c.h; path = "SpringAnimation-Prefix.pch"; sourceTree = "<group>"; };
		C935723E18CEABF00022F5D6 /* MTZAppDelegate.h */ = {isa = PBXFileReference; lastKnownFileType = sourcecode.c.h; path = MTZAppDelegate.h; sourceTree = "<group>"; };
		C935723F18CEABF00022F5D6 /* MTZAppDelegate.m */ = {isa = PBXFileReference; lastKnownFileType = sourcecode.c.objc; path = MTZAppDelegate.m; sourceTree = "<group>"; };
		C935724218CEABF00022F5D6 /* Base */ = {isa = PBXFileReference; lastKnownFileType = file.storyboard; name = Base; path = Base.lproj/Main_iPhone.storyboard; sourceTree = "<group>"; };
		C935724518CEABF00022F5D6 /* Base */ = {isa = PBXFileReference; lastKnownFileType = file.storyboard; name = Base; path = Base.lproj/Main_iPad.storyboard; sourceTree = "<group>"; };
		C935724718CEABF00022F5D6 /* MTZViewController.h */ = {isa = PBXFileReference; lastKnownFileType = sourcecode.c.h; path = MTZViewController.h; sourceTree = "<group>"; };
		C935724818CEABF00022F5D6 /* MTZViewController.m */ = {isa = PBXFileReference; lastKnownFileType = sourcecode.c.objc; path = MTZViewController.m; sourceTree = "<group>"; };
		C935724A18CEABF00022F5D6 /* Images.xcassets */ = {isa = PBXFileReference; lastKnownFileType = folder.assetcatalog; path = Images.xcassets; sourceTree = "<group>"; };
		C935725018CEABF00022F5D6 /* SpringAnimationTests.xctest */ = {isa = PBXFileReference; explicitFileType = wrapper.cfbundle; includeInIndex = 0; path = SpringAnimationTests.xctest; sourceTree = BUILT_PRODUCTS_DIR; };
		C935725118CEABF00022F5D6 /* XCTest.framework */ = {isa = PBXFileReference; lastKnownFileType = wrapper.framework; name = XCTest.framework; path = Library/Frameworks/XCTest.framework; sourceTree = DEVELOPER_DIR; };
		C935725918CEABF00022F5D6 /* SpringAnimationTests-Info.plist */ = {isa = PBXFileReference; lastKnownFileType = text.plist.xml; path = "SpringAnimationTests-Info.plist"; sourceTree = "<group>"; };
		C935725B18CEABF00022F5D6 /* en */ = {isa = PBXFileReference; lastKnownFileType = text.plist.strings; name = en; path = en.lproj/InfoPlist.strings; sourceTree = "<group>"; };
		C935725D18CEABF00022F5D6 /* SpringAnimationTests.m */ = {isa = PBXFileReference; lastKnownFileType = sourcecode.c.objc; path = SpringAnimationTests.m; sourceTree = "<group>"; };
		C9C0907D18CECA90000E69CD /* CoreText.framework */ = {isa = PBXFileReference; lastKnownFileType = wrapper.framework; name = CoreText.framework; path = System/Library/Frameworks/CoreText.framework; sourceTree = SDKROOT; };
/* End PBXFileReference section */

/* Begin PBXFrameworksBuildPhase section */
		C935722918CEABF00022F5D6 /* Frameworks */ = {
			isa = PBXFrameworksBuildPhase;
			buildActionMask = 2147483647;
			files = (
				C9C0907E18CECA90000E69CD /* CoreText.framework in Frameworks */,
				C935723218CEABF00022F5D6 /* CoreGraphics.framework in Frameworks */,
				C935723418CEABF00022F5D6 /* UIKit.framework in Frameworks */,
				C935723018CEABF00022F5D6 /* Foundation.framework in Frameworks */,
			);
			runOnlyForDeploymentPostprocessing = 0;
		};
		C935724D18CEABF00022F5D6 /* Frameworks */ = {
			isa = PBXFrameworksBuildPhase;
			buildActionMask = 2147483647;
			files = (
				C935725218CEABF00022F5D6 /* XCTest.framework in Frameworks */,
				C935725418CEABF00022F5D6 /* UIKit.framework in Frameworks */,
				C935725318CEABF00022F5D6 /* Foundation.framework in Frameworks */,
			);
			runOnlyForDeploymentPostprocessing = 0;
		};
/* End PBXFrameworksBuildPhase section */

/* Begin PBXGroup section */
		C935722318CEABF00022F5D6 = {
			isa = PBXGroup;
			children = (
				C935723518CEABF00022F5D6 /* SpringAnimation */,
				C935725718CEABF00022F5D6 /* SpringAnimationTests */,
				C935722E18CEABF00022F5D6 /* Frameworks */,
				C935722D18CEABF00022F5D6 /* Products */,
			);
			sourceTree = "<group>";
		};
		C935722D18CEABF00022F5D6 /* Products */ = {
			isa = PBXGroup;
			children = (
				C935722C18CEABF00022F5D6 /* SpringAnimation.app */,
				C935725018CEABF00022F5D6 /* SpringAnimationTests.xctest */,
			);
			name = Products;
			sourceTree = "<group>";
		};
		C935722E18CEABF00022F5D6 /* Frameworks */ = {
			isa = PBXGroup;
			children = (
				C9C0907D18CECA90000E69CD /* CoreText.framework */,
				C935722F18CEABF00022F5D6 /* Foundation.framework */,
				C935723118CEABF00022F5D6 /* CoreGraphics.framework */,
				C935723318CEABF00022F5D6 /* UIKit.framework */,
				C935725118CEABF00022F5D6 /* XCTest.framework */,
			);
			name = Frameworks;
			sourceTree = "<group>";
		};
		C935723518CEABF00022F5D6 /* SpringAnimation */ = {
			isa = PBXGroup;
			children = (
				C935723E18CEABF00022F5D6 /* MTZAppDelegate.h */,
				C935723F18CEABF00022F5D6 /* MTZAppDelegate.m */,
				C935724118CEABF00022F5D6 /* Main_iPhone.storyboard */,
				C935724418CEABF00022F5D6 /* Main_iPad.storyboard */,
				C935724718CEABF00022F5D6 /* MTZViewController.h */,
				C935724818CEABF00022F5D6 /* MTZViewController.m */,
				C935724A18CEABF00022F5D6 /* Images.xcassets */,
				C935723618CEABF00022F5D6 /* Supporting Files */,
			);
			name = SpringAnimation;
			path = SpringDampingTest;
			sourceTree = "<group>";
		};
		C935723618CEABF00022F5D6 /* Supporting Files */ = {
			isa = PBXGroup;
			children = (
				C935723718CEABF00022F5D6 /* SpringAnimation-Info.plist */,
				C935723818CEABF00022F5D6 /* InfoPlist.strings */,
				C935723B18CEABF00022F5D6 /* main.m */,
				C935723D18CEABF00022F5D6 /* SpringAnimation-Prefix.pch */,
			);
			name = "Supporting Files";
			sourceTree = "<group>";
		};
		C935725718CEABF00022F5D6 /* SpringAnimationTests */ = {
			isa = PBXGroup;
			children = (
				C935725D18CEABF00022F5D6 /* SpringAnimationTests.m */,
				C935725818CEABF00022F5D6 /* Supporting Files */,
			);
			name = SpringAnimationTests;
			path = SpringDampingTestTests;
			sourceTree = "<group>";
		};
		C935725818CEABF00022F5D6 /* Supporting Files */ = {
			isa = PBXGroup;
			children = (
				C935725918CEABF00022F5D6 /* SpringAnimationTests-Info.plist */,
				C935725A18CEABF00022F5D6 /* InfoPlist.strings */,
			);
			name = "Supporting Files";
			sourceTree = "<group>";
		};
/* End PBXGroup section */

/* Begin PBXNativeTarget section */
		C935722B18CEABF00022F5D6 /* SpringAnimation */ = {
			isa = PBXNativeTarget;
			buildConfigurationList = C935726118CEABF00022F5D6 /* Build configuration list for PBXNativeTarget "SpringAnimation" */;
			buildPhases = (
				C935722818CEABF00022F5D6 /* Sources */,
				C935722918CEABF00022F5D6 /* Frameworks */,
				C935722A18CEABF00022F5D6 /* Resources */,
			);
			buildRules = (
			);
			dependencies = (
			);
			name = SpringAnimation;
			productName = SpringDampingTest;
			productReference = C935722C18CEABF00022F5D6 /* SpringAnimation.app */;
			productType = "com.apple.product-type.application";
		};
		C935724F18CEABF00022F5D6 /* SpringAnimationTests */ = {
			isa = PBXNativeTarget;
			buildConfigurationList = C935726418CEABF00022F5D6 /* Build configuration list for PBXNativeTarget "SpringAnimationTests" */;
			buildPhases = (
				C935724C18CEABF00022F5D6 /* Sources */,
				C935724D18CEABF00022F5D6 /* Frameworks */,
				C935724E18CEABF00022F5D6 /* Resources */,
			);
			buildRules = (
			);
			dependencies = (
				C935725618CEABF00022F5D6 /* PBXTargetDependency */,
			);
			name = SpringAnimationTests;
			productName = SpringDampingTestTests;
			productReference = C935725018CEABF00022F5D6 /* SpringAnimationTests.xctest */;
			productType = "com.apple.product-type.bundle.unit-test";
		};
/* End PBXNativeTarget section */

/* Begin PBXProject section */
		C935722418CEABF00022F5D6 /* Project object */ = {
			isa = PBXProject;
			attributes = {
				CLASSPREFIX = MTZ;
				LastUpgradeCheck = 0510;
				ORGANIZATIONNAME = "Matt Zanchelli";
				TargetAttributes = {
					C935724F18CEABF00022F5D6 = {
						TestTargetID = C935722B18CEABF00022F5D6;
					};
				};
			};
			buildConfigurationList = C935722718CEABF00022F5D6 /* Build configuration list for PBXProject "SpringAnimation" */;
			compatibilityVersion = "Xcode 3.2";
			developmentRegion = English;
			hasScannedForEncodings = 0;
			knownRegions = (
				en,
				Base,
			);
			mainGroup = C935722318CEABF00022F5D6;
			productRefGroup = C935722D18CEABF00022F5D6 /* Products */;
			projectDirPath = "";
			projectRoot = "";
			targets = (
				C935722B18CEABF00022F5D6 /* SpringAnimation */,
				C935724F18CEABF00022F5D6 /* SpringAnimationTests */,
			);
		};
/* End PBXProject section */

/* Begin PBXResourcesBuildPhase section */
		C935722A18CEABF00022F5D6 /* Resources */ = {
			isa = PBXResourcesBuildPhase;
			buildActionMask = 2147483647;
			files = (
				C935724618CEABF00022F5D6 /* Main_iPad.storyboard in Resources */,
				C935724B18CEABF00022F5D6 /* Images.xcassets in Resources */,
				C935724318CEABF00022F5D6 /* Main_iPhone.storyboard in Resources */,
				C935723A18CEABF00022F5D6 /* InfoPlist.strings in Resources */,
			);
			runOnlyForDeploymentPostprocessing = 0;
		};
		C935724E18CEABF00022F5D6 /* Resources */ = {
			isa = PBXResourcesBuildPhase;
			buildActionMask = 2147483647;
			files = (
				C935725C18CEABF00022F5D6 /* InfoPlist.strings in Resources */,
			);
			runOnlyForDeploymentPostprocessing = 0;
		};
/* End PBXResourcesBuildPhase section */

/* Begin PBXSourcesBuildPhase section */
		C935722818CEABF00022F5D6 /* Sources */ = {
			isa = PBXSourcesBuildPhase;
			buildActionMask = 2147483647;
			files = (
				C935724018CEABF00022F5D6 /* MTZAppDelegate.m in Sources */,
				C935723C18CEABF00022F5D6 /* main.m in Sources */,
				C935724918CEABF00022F5D6 /* MTZViewController.m in Sources */,
			);
			runOnlyForDeploymentPostprocessing = 0;
		};
		C935724C18CEABF00022F5D6 /* Sources */ = {
			isa = PBXSourcesBuildPhase;
			buildActionMask = 2147483647;
			files = (
				C935725E18CEABF00022F5D6 /* SpringAnimationTests.m in Sources */,
			);
			runOnlyForDeploymentPostprocessing = 0;
		};
/* End PBXSourcesBuildPhase section */

/* Begin PBXTargetDependency section */
		C935725618CEABF00022F5D6 /* PBXTargetDependency */ = {
			isa = PBXTargetDependency;
			target = C935722B18CEABF00022F5D6 /* SpringAnimation */;
			targetProxy = C935725518CEABF00022F5D6 /* PBXContainerItemProxy */;
		};
/* End PBXTargetDependency section */

/* Begin PBXVariantGroup section */
		C935723818CEABF00022F5D6 /* InfoPlist.strings */ = {
			isa = PBXVariantGroup;
			children = (
				C935723918CEABF00022F5D6 /* en */,
			);
			name = InfoPlist.strings;
			sourceTree = "<group>";
		};
		C935724118CEABF00022F5D6 /* Main_iPhone.storyboard */ = {
			isa = PBXVariantGroup;
			children = (
				C935724218CEABF00022F5D6 /* Base */,
			);
			name = Main_iPhone.storyboard;
			sourceTree = "<group>";
		};
		C935724418CEABF00022F5D6 /* Main_iPad.storyboard */ = {
			isa = PBXVariantGroup;
			children = (
				C935724518CEABF00022F5D6 /* Base */,
			);
			name = Main_iPad.storyboard;
			sourceTree = "<group>";
		};
		C935725A18CEABF00022F5D6 /* InfoPlist.strings */ = {
			isa = PBXVariantGroup;
			children = (
				C935725B18CEABF00022F5D6 /* en */,
			);
			name = InfoPlist.strings;
			sourceTree = "<group>";
		};
/* End PBXVariantGroup section */

/* Begin XCBuildConfiguration section */
		C935725F18CEABF00022F5D6 /* Debug */ = {
			isa = XCBuildConfiguration;
			buildSettings = {
				ALWAYS_SEARCH_USER_PATHS = NO;
				CLANG_CXX_LANGUAGE_STANDARD = "gnu++0x";
				CLANG_CXX_LIBRARY = "libc++";
				CLANG_ENABLE_MODULES = YES;
				CLANG_ENABLE_OBJC_ARC = YES;
				CLANG_WARN_BOOL_CONVERSION = YES;
				CLANG_WARN_CONSTANT_CONVERSION = YES;
				CLANG_WARN_DIRECT_OBJC_ISA_USAGE = YES_ERROR;
				CLANG_WARN_EMPTY_BODY = YES;
				CLANG_WARN_ENUM_CONVERSION = YES;
				CLANG_WARN_INT_CONVERSION = YES;
				CLANG_WARN_OBJC_ROOT_CLASS = YES_ERROR;
				CLANG_WARN__DUPLICATE_METHOD_MATCH = YES;
				"CODE_SIGN_IDENTITY[sdk=iphoneos*]" = "iPhone Developer";
				COPY_PHASE_STRIP = NO;
				GCC_C_LANGUAGE_STANDARD = gnu99;
				GCC_DYNAMIC_NO_PIC = NO;
				GCC_OPTIMIZATION_LEVEL = 0;
				GCC_PREPROCESSOR_DEFINITIONS = (
					"DEBUG=1",
					"$(inherited)",
				);
				GCC_SYMBOLS_PRIVATE_EXTERN = NO;
				GCC_WARN_64_TO_32_BIT_CONVERSION = YES;
				GCC_WARN_ABOUT_RETURN_TYPE = YES_ERROR;
				GCC_WARN_UNDECLARED_SELECTOR = YES;
				GCC_WARN_UNINITIALIZED_AUTOS = YES_AGGRESSIVE;
				GCC_WARN_UNUSED_FUNCTION = YES;
				GCC_WARN_UNUSED_VARIABLE = YES;
				IPHONEOS_DEPLOYMENT_TARGET = 7.1;
				ONLY_ACTIVE_ARCH = YES;
				SDKROOT = iphoneos;
				TARGETED_DEVICE_FAMILY = "1,2";
			};
			name = Debug;
		};
		C935726018CEABF00022F5D6 /* Release */ = {
			isa = XCBuildConfiguration;
			buildSettings = {
				ALWAYS_SEARCH_USER_PATHS = NO;
				CLANG_CXX_LANGUAGE_STANDARD = "gnu++0x";
				CLANG_CXX_LIBRARY = "libc++";
				CLANG_ENABLE_MODULES = YES;
				CLANG_ENABLE_OBJC_ARC = YES;
				CLANG_WARN_BOOL_CONVERSION = YES;
				CLANG_WARN_CONSTANT_CONVERSION = YES;
				CLANG_WARN_DIRECT_OBJC_ISA_USAGE = YES_ERROR;
				CLANG_WARN_EMPTY_BODY = YES;
				CLANG_WARN_ENUM_CONVERSION = YES;
				CLANG_WARN_INT_CONVERSION = YES;
				CLANG_WARN_OBJC_ROOT_CLASS = YES_ERROR;
				CLANG_WARN__DUPLICATE_METHOD_MATCH = YES;
				"CODE_SIGN_IDENTITY[sdk=iphoneos*]" = "iPhone Developer";
				COPY_PHASE_STRIP = YES;
				ENABLE_NS_ASSERTIONS = NO;
				GCC_C_LANGUAGE_STANDARD = gnu99;
				GCC_WARN_64_TO_32_BIT_CONVERSION = YES;
				GCC_WARN_ABOUT_RETURN_TYPE = YES_ERROR;
				GCC_WARN_UNDECLARED_SELECTOR = YES;
				GCC_WARN_UNINITIALIZED_AUTOS = YES_AGGRESSIVE;
				GCC_WARN_UNUSED_FUNCTION = YES;
				GCC_WARN_UNUSED_VARIABLE = YES;
				IPHONEOS_DEPLOYMENT_TARGET = 7.1;
				SDKROOT = iphoneos;
				TARGETED_DEVICE_FAMILY = "1,2";
				VALIDATE_PRODUCT = YES;
			};
			name = Release;
		};
		C935726218CEABF00022F5D6 /* Debug */ = {
			isa = XCBuildConfiguration;
			buildSettings = {
				ASSETCATALOG_COMPILER_APPICON_NAME = AppIcon;
				ASSETCATALOG_COMPILER_LAUNCHIMAGE_NAME = LaunchImage;
				GCC_PRECOMPILE_PREFIX_HEADER = YES;
				GCC_PREFIX_HEADER = "SpringDampingTest/SpringAnimation-Prefix.pch";
				INFOPLIST_FILE = "SpringDampingTest/SpringAnimation-Info.plist";
				PRODUCT_NAME = SpringAnimation;
				WRAPPER_EXTENSION = app;
			};
			name = Debug;
		};
		C935726318CEABF00022F5D6 /* Release */ = {
			isa = XCBuildConfiguration;
			buildSettings = {
				ASSETCATALOG_COMPILER_APPICON_NAME = AppIcon;
				ASSETCATALOG_COMPILER_LAUNCHIMAGE_NAME = LaunchImage;
				GCC_PRECOMPILE_PREFIX_HEADER = YES;
				GCC_PREFIX_HEADER = "SpringDampingTest/SpringAnimation-Prefix.pch";
				INFOPLIST_FILE = "SpringDampingTest/SpringAnimation-Info.plist";
				PRODUCT_NAME = SpringAnimation;
				WRAPPER_EXTENSION = app;
			};
			name = Release;
		};
		C935726518CEABF00022F5D6 /* Debug */ = {
			isa = XCBuildConfiguration;
			buildSettings = {
				BUNDLE_LOADER = "$(BUILT_PRODUCTS_DIR)/SpringDampingTest.app/SpringDampingTest";
				FRAMEWORK_SEARCH_PATHS = (
					"$(SDKROOT)/Developer/Library/Frameworks",
					"$(inherited)",
					"$(DEVELOPER_FRAMEWORKS_DIR)",
				);
				GCC_PRECOMPILE_PREFIX_HEADER = YES;
				GCC_PREFIX_HEADER = "SpringDampingTest/SpringDampingTest-Prefix.pch";
				GCC_PREPROCESSOR_DEFINITIONS = (
					"DEBUG=1",
					"$(inherited)",
				);
				INFOPLIST_FILE = "SpringDampingTestTests/SpringAnimationTests-Info.plist";
				PRODUCT_NAME = SpringAnimationTests;
				TEST_HOST = "$(BUNDLE_LOADER)";
				WRAPPER_EXTENSION = xctest;
			};
			name = Debug;
		};
		C935726618CEABF00022F5D6 /* Release */ = {
			isa = XCBuildConfiguration;
			buildSettings = {
				BUNDLE_LOADER = "$(BUILT_PRODUCTS_DIR)/SpringDampingTest.app/SpringDampingTest";
				FRAMEWORK_SEARCH_PATHS = (
					"$(SDKROOT)/Developer/Library/Frameworks",
					"$(inherited)",
					"$(DEVELOPER_FRAMEWORKS_DIR)",
				);
				GCC_PRECOMPILE_PREFIX_HEADER = YES;
				GCC_PREFIX_HEADER = "SpringDampingTest/SpringDampingTest-Prefix.pch";
				INFOPLIST_FILE = "SpringDampingTestTests/SpringAnimationTests-Info.plist";
				PRODUCT_NAME = SpringAnimationTests;
				TEST_HOST = "$(BUNDLE_LOADER)";
				WRAPPER_EXTENSION = xctest;
			};
			name = Release;
		};
/* End XCBuildConfiguration section */

/* Begin XCConfigurationList section */
		C935722718CEABF00022F5D6 /* Build configuration list for PBXProject "SpringAnimation" */ = {
			isa = XCConfigurationList;
			buildConfigurations = (
				C935725F18CEABF00022F5D6 /* Debug */,
				C935726018CEABF00022F5D6 /* Release */,
			);
			defaultConfigurationIsVisible = 0;
			defaultConfigurationName = Release;
		};
		C935726118CEABF00022F5D6 /* Build configuration list for PBXNativeTarget "SpringAnimation" */ = {
			isa = XCConfigurationList;
			buildConfigurations = (
				C935726218CEABF00022F5D6 /* Debug */,
				C935726318CEABF00022F5D6 /* Release */,
			);
			defaultConfigurationIsVisible = 0;
			defaultConfigurationName = Release;
		};
		C935726418CEABF00022F5D6 /* Build configuration list for PBXNativeTarget "SpringAnimationTests" */ = {
			isa = XCConfigurationList;
			buildConfigurations = (
				C935726518CEABF00022F5D6 /* Debug */,
				C935726618CEABF00022F5D6 /* Release */,
			);
			defaultConfigurationIsVisible = 0;
			defaultConfigurationName = Release;
		};
/* End XCConfigurationList section */
	};
	rootObject = C935722418CEABF00022F5D6 /* Project object */;
}
